
Microsoft Visual Studio Solution File, Format Version 12.00
# Visual Studio Version 17
VisualStudioVersion = 17.4.33213.308
MinimumVisualStudioVersion = 10.0.40219.1
Project("{9092AA53-FB77-4645-B42D-1CCCA6BD08BD}") = "Maps", "Maps.njsproj", "{A7A1FDD5-AD7B-46BA-AD9A-CEA3C83B3D58}"
EndProject
Global
	GlobalSection(SolutionConfigurationPlatforms) = preSolution
		Debug|Any CPU = Debug|Any CPU
		Release|Any CPU = Release|Any CPU
	EndGlobalSection
	GlobalSection(ProjectConfigurationPlatforms) = postSolution
		{A7A1FDD5-AD7B-46BA-AD9A-CEA3C83B3D58}.Debug|Any CPU.ActiveCfg = Debug|Any CPU
		{A7A1FDD5-AD7B-46BA-AD9A-CEA3C83B3D58}.Debug|Any CPU.Build.0 = Debug|Any CPU
		{A7A1FDD5-AD7B-46BA-AD9A-CEA3C83B3D58}.Release|Any CPU.ActiveCfg = Release|Any CPU
		{A7A1FDD5-AD7B-46BA-AD9A-CEA3C83B3D58}.Release|Any CPU.Build.0 = Release|Any CPU
	EndGlobalSection
	GlobalSection(SolutionProperties) = preSolution
		HideSolutionNode = FALSE
	EndGlobalSection
	GlobalSection(ExtensibilityGlobals) = postSolution
		SolutionGuid = {EC47EB2F-1BB4-4E65-B48A-5567D82C7420}
	EndGlobalSection
EndGlobal
